
Microsoft Visual Studio Solution File, Format Version 12.00
# Visual Studio 2013
VisualStudioVersion = 12.0.31101.0
MinimumVisualStudioVersion = 10.0.40219.1
Project("{FAE04EC0-301F-11D3-BF4B-00C04F79EFBC}") = "LoggingApplication.UI.Application", "LoggingApplication.UI.Application\LoggingApplication.UI.Application.csproj", "{816676F9-7549-4C30-B554-B9976DC933A0}"
EndProject
Project("{FAE04EC0-301F-11D3-BF4B-00C04F79EFBC}") = "LoggingApplication.Infrastructure", "LoggingApplication.Infrastructure\LoggingApplication.Infrastructure.csproj", "{D9C6473C-6D23-4D23-AC0E-138C7632CE7C}"
EndProject
Project("{FAE04EC0-301F-11D3-BF4B-00C04F79EFBC}") = "LoggingApplication.Container", "LoggingApplication.Container\LoggingApplication.Container.csproj", "{D0B82971-8051-4EB0-9AE3-A1A93F3BB65E}"
EndProject
Global
	GlobalSection(TeamFoundationVersionControl) = preSolution
		SccNumberOfProjects = 4
		SccEnterpriseProvider = {4CA58AB2-18FA-4F8D-95D4-32DDF27D184C}
		SccTeamFoundationServer = https://developmentastpz.visualstudio.com/defaultcollection
		SccLocalPath0 = .
		SccProjectUniqueName1 = LoggingApplication.Container\\LoggingApplication.Container.csproj
		SccProjectName1 = LoggingApplication.Container
		SccLocalPath1 = LoggingApplication.Container
		SccProjectUniqueName2 = LoggingApplication.Infrastructure\\LoggingApplication.Infrastructure.csproj
		SccProjectName2 = LoggingApplication.Infrastructure
		SccLocalPath2 = LoggingApplication.Infrastructure
		SccProjectUniqueName3 = LoggingApplication.UI.Application\\LoggingApplication.UI.Application.csproj
		SccProjectName3 = LoggingApplication.UI.Application
		SccLocalPath3 = LoggingApplication.UI.Application
	EndGlobalSection
	GlobalSection(SolutionConfigurationPlatforms) = preSolution
		Debug|Any CPU = Debug|Any CPU
		Release|Any CPU = Release|Any CPU
	EndGlobalSection
	GlobalSection(ProjectConfigurationPlatforms) = postSolution
		{816676F9-7549-4C30-B554-B9976DC933A0}.Debug|Any CPU.ActiveCfg = Debug|Any CPU
		{816676F9-7549-4C30-B554-B9976DC933A0}.Debug|Any CPU.Build.0 = Debug|Any CPU
		{816676F9-7549-4C30-B554-B9976DC933A0}.Release|Any CPU.ActiveCfg = Release|Any CPU
		{816676F9-7549-4C30-B554-B9976DC933A0}.Release|Any CPU.Build.0 = Release|Any CPU
		{D9C6473C-6D23-4D23-AC0E-138C7632CE7C}.Debug|Any CPU.ActiveCfg = Debug|Any CPU
		{D9C6473C-6D23-4D23-AC0E-138C7632CE7C}.Debug|Any CPU.Build.0 = Debug|Any CPU
		{D9C6473C-6D23-4D23-AC0E-138C7632CE7C}.Release|Any CPU.ActiveCfg = Release|Any CPU
		{D9C6473C-6D23-4D23-AC0E-138C7632CE7C}.Release|Any CPU.Build.0 = Release|Any CPU
		{D0B82971-8051-4EB0-9AE3-A1A93F3BB65E}.Debug|Any CPU.ActiveCfg = Debug|Any CPU
		{D0B82971-8051-4EB0-9AE3-A1A93F3BB65E}.Debug|Any CPU.Build.0 = Debug|Any CPU
		{D0B82971-8051-4EB0-9AE3-A1A93F3BB65E}.Release|Any CPU.ActiveCfg = Release|Any CPU
		{D0B82971-8051-4EB0-9AE3-A1A93F3BB65E}.Release|Any CPU.Build.0 = Release|Any CPU
	EndGlobalSection
	GlobalSection(SolutionProperties) = preSolution
		HideSolutionNode = FALSE
	EndGlobalSection
EndGlobal
